// !$*UTF8*$!
{
	archiveVersion = 1;
	classes = {
	};
	objectVersion = 46;
	objects = {

/* Begin PBXBuildFile section */
		0F4851921BF9092B004B0EDC /* beep.wav in Resources */ = {isa = PBXBuildFile; fileRef = 0F4851911BF9092B004B0EDC /* beep.wav */; };
		0F4851951BF91055004B0EDC /* AVFoundation.framework in Frameworks */ = {isa = PBXBuildFile; fileRef = 0F4851941BF91055004B0EDC /* AVFoundation.framework */; };
		0F4851971BF91685004B0EDC /* fail.mp3 in Resources */ = {isa = PBXBuildFile; fileRef = 0F4851961BF91685004B0EDC /* fail.mp3 */; };
		0F4851991BF91DF4004B0EDC /* backgroundMusic.wav in Resources */ = {isa = PBXBuildFile; fileRef = 0F4851981BF91DF4004B0EDC /* backgroundMusic.wav */; };
		0F48519B1BF9218C004B0EDC /* win.wav in Resources */ = {isa = PBXBuildFile; fileRef = 0F48519A1BF9218C004B0EDC /* win.wav */; };
		0F6072291BF8B2870088EDA4 /* AppDelegate.swift in Sources */ = {isa = PBXBuildFile; fileRef = 0F6072281BF8B2870088EDA4 /* AppDelegate.swift */; };
		0F60722B1BF8B2870088EDA4 /* GameScene.sks in Resources */ = {isa = PBXBuildFile; fileRef = 0F60722A1BF8B2870088EDA4 /* GameScene.sks */; };
		0F60722D1BF8B2870088EDA4 /* GameScene.swift in Sources */ = {isa = PBXBuildFile; fileRef = 0F60722C1BF8B2870088EDA4 /* GameScene.swift */; };
		0F60722F1BF8B2870088EDA4 /* GameViewController.swift in Sources */ = {isa = PBXBuildFile; fileRef = 0F60722E1BF8B2870088EDA4 /* GameViewController.swift */; };
		0F6072321BF8B2870088EDA4 /* Main.storyboard in Resources */ = {isa = PBXBuildFile; fileRef = 0F6072301BF8B2870088EDA4 /* Main.storyboard */; };
		0F6072341BF8B2870088EDA4 /* Assets.xcassets in Resources */ = {isa = PBXBuildFile; fileRef = 0F6072331BF8B2870088EDA4 /* Assets.xcassets */; };
		0F6072371BF8B2870088EDA4 /* LaunchScreen.storyboard in Resources */ = {isa = PBXBuildFile; fileRef = 0F6072351BF8B2870088EDA4 /* LaunchScreen.storyboard */; };
		0F60723F1BF8C5140088EDA4 /* CGFloatExtension.swift in Sources */ = {isa = PBXBuildFile; fileRef = 0F60723E1BF8C5140088EDA4 /* CGFloatExtension.swift */; };
		0FA1713D1C0C89F300B9E35F /* MenuScene.swift in Sources */ = {isa = PBXBuildFile; fileRef = 0FA1713C1C0C89F300B9E35F /* MenuScene.swift */; };
		0FF9858D1C08AC0F00B37150 /* MenuScene.sks in Resources */ = {isa = PBXBuildFile; fileRef = 0FF9858C1C08AC0F00B37150 /* MenuScene.sks */; };
/* End PBXBuildFile section */

/* Begin PBXFileReference section */
		0F4851911BF9092B004B0EDC /* beep.wav */ = {isa = PBXFileReference; lastKnownFileType = audio.wav; path = beep.wav; sourceTree = "<group>"; };
		0F4851941BF91055004B0EDC /* AVFoundation.framework */ = {isa = PBXFileReference; lastKnownFileType = wrapper.framework; name = AVFoundation.framework; path = System/Library/Frameworks/AVFoundation.framework; sourceTree = SDKROOT; };
		0F4851961BF91685004B0EDC /* fail.mp3 */ = {isa = PBXFileReference; lastKnownFileType = audio.mp3; path = fail.mp3; sourceTree = "<group>"; };
		0F4851981BF91DF4004B0EDC /* backgroundMusic.wav */ = {isa = PBXFileReference; lastKnownFileType = audio.wav; path = backgroundMusic.wav; sourceTree = "<group>"; };
		0F48519A1BF9218C004B0EDC /* win.wav */ = {isa = PBXFileReference; lastKnownFileType = audio.wav; path = win.wav; sourceTree = "<group>"; };
		0F6072251BF8B2870088EDA4 /* Assignment_PTL.app */ = {isa = PBXFileReference; explicitFileType = wrapper.application; includeInIndex = 0; path = Assignment_PTL.app; sourceTree = BUILT_PRODUCTS_DIR; };
		0F6072281BF8B2870088EDA4 /* AppDelegate.swift */ = {isa = PBXFileReference; lastKnownFileType = sourcecode.swift; path = AppDelegate.swift; sourceTree = "<group>"; };
		0F60722A1BF8B2870088EDA4 /* GameScene.sks */ = {isa = PBXFileReference; lastKnownFileType = file.sks; path = GameScene.sks; sourceTree = "<group>"; };
		0F60722C1BF8B2870088EDA4 /* GameScene.swift */ = {isa = PBXFileReference; lastKnownFileType = sourcecode.swift; path = GameScene.swift; sourceTree = "<group>"; };
		0F60722E1BF8B2870088EDA4 /* GameViewController.swift */ = {isa = PBXFileReference; lastKnownFileType = sourcecode.swift; path = GameViewController.swift; sourceTree = "<group>"; };
		0F6072311BF8B2870088EDA4 /* Base */ = {isa = PBXFileReference; lastKnownFileType = file.storyboard; name = Base; path = Base.lproj/Main.storyboard; sourceTree = "<group>"; };
		0F6072331BF8B2870088EDA4 /* Assets.xcassets */ = {isa = PBXFileReference; lastKnownFileType = folder.assetcatalog; path = Assets.xcassets; sourceTree = "<group>"; };
		0F6072361BF8B2870088EDA4 /* Base */ = {isa = PBXFileReference; lastKnownFileType = file.storyboard; name = Base; path = Base.lproj/LaunchScreen.storyboard; sourceTree = "<group>"; };
		0F6072381BF8B2870088EDA4 /* Info.plist */ = {isa = PBXFileReference; lastKnownFileType = text.plist.xml; path = Info.plist; sourceTree = "<group>"; };
		0F60723E1BF8C5140088EDA4 /* CGFloatExtension.swift */ = {isa = PBXFileReference; fileEncoding = 4; lastKnownFileType = sourcecode.swift; path = CGFloatExtension.swift; sourceTree = "<group>"; };
		0FA1713C1C0C89F300B9E35F /* MenuScene.swift */ = {isa = PBXFileReference; fileEncoding = 4; lastKnownFileType = sourcecode.swift; name = MenuScene.swift; path = ../MenuScene.swift; sourceTree = "<group>"; };
		0FF9858C1C08AC0F00B37150 /* MenuScene.sks */ = {isa = PBXFileReference; lastKnownFileType = file.sks; path = MenuScene.sks; sourceTree = "<group>"; };
/* End PBXFileReference section */

/* Begin PBXFrameworksBuildPhase section */
		0F6072221BF8B2870088EDA4 /* Frameworks */ = {
			isa = PBXFrameworksBuildPhase;
			buildActionMask = 2147483647;
			files = (
				0F4851951BF91055004B0EDC /* AVFoundation.framework in Frameworks */,
			);
			runOnlyForDeploymentPostprocessing = 0;
		};
/* End PBXFrameworksBuildPhase section */

/* Begin PBXGroup section */
		0F4851931BF90937004B0EDC /* Sounds */ = {
			isa = PBXGroup;
			children = (
				0F48519A1BF9218C004B0EDC /* win.wav */,
				0F4851981BF91DF4004B0EDC /* backgroundMusic.wav */,
				0F4851961BF91685004B0EDC /* fail.mp3 */,
				0F4851911BF9092B004B0EDC /* beep.wav */,
			);
			name = Sounds;
			sourceTree = "<group>";
		};
		0F60721C1BF8B2870088EDA4 = {
			isa = PBXGroup;
			children = (
				0F4851941BF91055004B0EDC /* AVFoundation.framework */,
				0F6072271BF8B2870088EDA4 /* Assignment_PTL */,
				0F6072261BF8B2870088EDA4 /* Products */,
			);
			sourceTree = "<group>";
		};
		0F6072261BF8B2870088EDA4 /* Products */ = {
			isa = PBXGroup;
			children = (
				0F6072251BF8B2870088EDA4 /* Assignment_PTL.app */,
			);
			name = Products;
			sourceTree = "<group>";
		};
		0F6072271BF8B2870088EDA4 /* Assignment_PTL */ = {
			isa = PBXGroup;
			children = (
				0F4851931BF90937004B0EDC /* Sounds */,
				0F6072281BF8B2870088EDA4 /* AppDelegate.swift */,
				0FF9858C1C08AC0F00B37150 /* MenuScene.sks */,
				0F60722A1BF8B2870088EDA4 /* GameScene.sks */,
				0F60722C1BF8B2870088EDA4 /* GameScene.swift */,
				0FA1713C1C0C89F300B9E35F /* MenuScene.swift */,
				0F60723E1BF8C5140088EDA4 /* CGFloatExtension.swift */,
				0F60722E1BF8B2870088EDA4 /* GameViewController.swift */,
				0F6072301BF8B2870088EDA4 /* Main.storyboard */,
				0F6072331BF8B2870088EDA4 /* Assets.xcassets */,
				0F6072351BF8B2870088EDA4 /* LaunchScreen.storyboard */,
				0F6072381BF8B2870088EDA4 /* Info.plist */,
			);
			path = Assignment_PTL;
			sourceTree = "<group>";
		};
/* End PBXGroup section */

/* Begin PBXNativeTarget section */
		0F6072241BF8B2870088EDA4 /* Assignment_PTL */ = {
			isa = PBXNativeTarget;
			buildConfigurationList = 0F60723B1BF8B2870088EDA4 /* Build configuration list for PBXNativeTarget "Assignment_PTL" */;
			buildPhases = (
				0F6072211BF8B2870088EDA4 /* Sources */,
				0F6072221BF8B2870088EDA4 /* Frameworks */,
				0F6072231BF8B2870088EDA4 /* Resources */,
			);
			buildRules = (
			);
			dependencies = (
			);
			name = Assignment_PTL;
			productName = Assignment_PTL;
			productReference = 0F6072251BF8B2870088EDA4 /* Assignment_PTL.app */;
			productType = "com.apple.product-type.application";
		};
/* End PBXNativeTarget section */

/* Begin PBXProject section */
		0F60721D1BF8B2870088EDA4 /* Project object */ = {
			isa = PBXProject;
			attributes = {
				LastSwiftUpdateCheck = 0710;
				LastUpgradeCheck = 0710;
				ORGANIZATIONNAME = WIT;
				TargetAttributes = {
					0F6072241BF8B2870088EDA4 = {
						CreatedOnToolsVersion = 7.1;
					};
				};
			};
			buildConfigurationList = 0F6072201BF8B2870088EDA4 /* Build configuration list for PBXProject "Assignment_PTL" */;
			compatibilityVersion = "Xcode 3.2";
			developmentRegion = English;
			hasScannedForEncodings = 0;
			knownRegions = (
				en,
				Base,
			);
			mainGroup = 0F60721C1BF8B2870088EDA4;
			productRefGroup = 0F6072261BF8B2870088EDA4 /* Products */;
			projectDirPath = "";
			projectRoot = "";
			targets = (
				0F6072241BF8B2870088EDA4 /* Assignment_PTL */,
			);
		};
/* End PBXProject section */

/* Begin PBXResourcesBuildPhase section */
		0F6072231BF8B2870088EDA4 /* Resources */ = {
			isa = PBXResourcesBuildPhase;
			buildActionMask = 2147483647;
			files = (
				0F4851921BF9092B004B0EDC /* beep.wav in Resources */,
				0F48519B1BF9218C004B0EDC /* win.wav in Resources */,
				0F60722B1BF8B2870088EDA4 /* GameScene.sks in Resources */,
				0F4851971BF91685004B0EDC /* fail.mp3 in Resources */,
				0F6072371BF8B2870088EDA4 /* LaunchScreen.storyboard in Resources */,
				0F6072341BF8B2870088EDA4 /* Assets.xcassets in Resources */,
				0F6072321BF8B2870088EDA4 /* Main.storyboard in Resources */,
				0FF9858D1C08AC0F00B37150 /* MenuScene.sks in Resources */,
				0F4851991BF91DF4004B0EDC /* backgroundMusic.wav in Resources */,
			);
			runOnlyForDeploymentPostprocessing = 0;
		};
/* End PBXResourcesBuildPhase section */

/* Begin PBXSourcesBuildPhase section */
		0F6072211BF8B2870088EDA4 /* Sources */ = {
			isa = PBXSourcesBuildPhase;
			buildActionMask = 2147483647;
			files = (
				0F60722D1BF8B2870088EDA4 /* GameScene.swift in Sources */,
				0F60722F1BF8B2870088EDA4 /* GameViewController.swift in Sources */,
				0FA1713D1C0C89F300B9E35F /* MenuScene.swift in Sources */,
				0F60723F1BF8C5140088EDA4 /* CGFloatExtension.swift in Sources */,
				0F6072291BF8B2870088EDA4 /* AppDelegate.swift in Sources */,
			);
			runOnlyForDeploymentPostprocessing = 0;
		};
/* End PBXSourcesBuildPhase section */

/* Begin PBXVariantGroup section */
		0F6072301BF8B2870088EDA4 /* Main.storyboard */ = {
			isa = PBXVariantGroup;
			children = (
				0F6072311BF8B2870088EDA4 /* Base */,
			);
			name = Main.storyboard;
			sourceTree = "<group>";
		};
		0F6072351BF8B2870088EDA4 /* LaunchScreen.storyboard */ = {
			isa = PBXVariantGroup;
			children = (
				0F6072361BF8B2870088EDA4 /* Base */,
			);
			name = LaunchScreen.storyboard;
			sourceTree = "<group>";
		};
/* End PBXVariantGroup section */

/* Begin XCBuildConfiguration section */
		0F6072391BF8B2870088EDA4 /* Debug */ = {
			isa = XCBuildConfiguration;
			buildSettings = {
				ALWAYS_SEARCH_USER_PATHS = NO;
				CLANG_CXX_LANGUAGE_STANDARD = "gnu++0x";
				CLANG_CXX_LIBRARY = "libc++";
				CLANG_ENABLE_MODULES = YES;
				CLANG_ENABLE_OBJC_ARC = YES;
				CLANG_WARN_BOOL_CONVERSION = YES;
				CLANG_WARN_CONSTANT_CONVERSION = YES;
				CLANG_WARN_DIRECT_OBJC_ISA_USAGE = YES_ERROR;
				CLANG_WARN_EMPTY_BODY = YES;
				CLANG_WARN_ENUM_CONVERSION = YES;
				CLANG_WARN_INT_CONVERSION = YES;
				CLANG_WARN_OBJC_ROOT_CLASS = YES_ERROR;
				CLANG_WARN_UNREACHABLE_CODE = YES;
				CLANG_WARN__DUPLICATE_METHOD_MATCH = YES;
				"CODE_SIGN_IDENTITY[sdk=iphoneos*]" = "iPhone Developer";
				COPY_PHASE_STRIP = NO;
				DEBUG_INFORMATION_FORMAT = "dwarf-with-dsym";
				ENABLE_STRICT_OBJC_MSGSEND = YES;
				ENABLE_TESTABILITY = YES;
				GCC_C_LANGUAGE_STANDARD = gnu99;
				GCC_DYNAMIC_NO_PIC = NO;
				GCC_NO_COMMON_BLOCKS = YES;
				GCC_OPTIMIZATION_LEVEL = 0;
				GCC_PREPROCESSOR_DEFINITIONS = (
					"DEBUG=1",
					"$(inherited)",
				);
				GCC_WARN_64_TO_32_BIT_CONVERSION = YES;
				GCC_WARN_ABOUT_RETURN_TYPE = YES_ERROR;
				GCC_WARN_UNDECLARED_SELECTOR = YES;
				GCC_WARN_UNINITIALIZED_AUTOS = YES_AGGRESSIVE;
				GCC_WARN_UNUSED_FUNCTION = YES;
				GCC_WARN_UNUSED_VARIABLE = YES;
				IPHONEOS_DEPLOYMENT_TARGET = 9.1;
				MTL_ENABLE_DEBUG_INFO = YES;
				ONLY_ACTIVE_ARCH = YES;
				SDKROOT = iphoneos;
				SWIFT_OPTIMIZATION_LEVEL = "-Onone";
				TARGETED_DEVICE_FAMILY = "1,2";
			};
			name = Debug;
		};
		0F60723A1BF8B2870088EDA4 /* Release */ = {
			isa = XCBuildConfiguration;
			buildSettings = {
				ALWAYS_SEARCH_USER_PATHS = NO;
				CLANG_CXX_LANGUAGE_STANDARD = "gnu++0x";
				CLANG_CXX_LIBRARY = "libc++";
				CLANG_ENABLE_MODULES = YES;
				CLANG_ENABLE_OBJC_ARC = YES;
				CLANG_WARN_BOOL_CONVERSION = YES;
				CLANG_WARN_CONSTANT_CONVERSION = YES;
				CLANG_WARN_DIRECT_OBJC_ISA_USAGE = YES_ERROR;
				CLANG_WARN_EMPTY_BODY = YES;
				CLANG_WARN_ENUM_CONVERSION = YES;
				CLANG_WARN_INT_CONVERSION = YES;
				CLANG_WARN_OBJC_ROOT_CLASS = YES_ERROR;
				CLANG_WARN_UNREACHABLE_CODE = YES;
				CLANG_WARN__DUPLICATE_METHOD_MATCH = YES;
				"CODE_SIGN_IDENTITY[sdk=iphoneos*]" = "iPhone Developer";
				COPY_PHASE_STRIP = NO;
				DEBUG_INFORMATION_FORMAT = "dwarf-with-dsym";
				ENABLE_NS_ASSERTIONS = NO;
				ENABLE_STRICT_OBJC_MSGSEND = YES;
				GCC_C_LANGUAGE_STANDARD = gnu99;
				GCC_NO_COMMON_BLOCKS = YES;
				GCC_WARN_64_TO_32_BIT_CONVERSION = YES;
				GCC_WARN_ABOUT_RETURN_TYPE = YES_ERROR;
				GCC_WARN_UNDECLARED_SELECTOR = YES;
				GCC_WARN_UNINITIALIZED_AUTOS = YES_AGGRESSIVE;
				GCC_WARN_UNUSED_FUNCTION = YES;
				GCC_WARN_UNUSED_VARIABLE = YES;
				IPHONEOS_DEPLOYMENT_TARGET = 9.1;
				MTL_ENABLE_DEBUG_INFO = NO;
				SDKROOT = iphoneos;
				TARGETED_DEVICE_FAMILY = "1,2";
				VALIDATE_PRODUCT = YES;
			};
			name = Release;
		};
		0F60723C1BF8B2870088EDA4 /* Debug */ = {
			isa = XCBuildConfiguration;
			buildSettings = {
				ASSETCATALOG_COMPILER_APPICON_NAME = AppIcon;
				INFOPLIST_FILE = Assignment_PTL/Info.plist;
				LD_RUNPATH_SEARCH_PATHS = "$(inherited) @executable_path/Frameworks";
				PRODUCT_BUNDLE_IDENTIFIER = "ie.wit.Assignment-PTL";
				PRODUCT_NAME = "$(TARGET_NAME)";
			};
			name = Debug;
		};
		0F60723D1BF8B2870088EDA4 /* Release */ = {
			isa = XCBuildConfiguration;
			buildSettings = {
				ASSETCATALOG_COMPILER_APPICON_NAME = AppIcon;
				INFOPLIST_FILE = Assignment_PTL/Info.plist;
				LD_RUNPATH_SEARCH_PATHS = "$(inherited) @executable_path/Frameworks";
				PRODUCT_BUNDLE_IDENTIFIER = "ie.wit.Assignment-PTL";
				PRODUCT_NAME = "$(TARGET_NAME)";
			};
			name = Release;
		};
/* End XCBuildConfiguration section */

/* Begin XCConfigurationList section */
		0F6072201BF8B2870088EDA4 /* Build configuration list for PBXProject "Assignment_PTL" */ = {
			isa = XCConfigurationList;
			buildConfigurations = (
				0F6072391BF8B2870088EDA4 /* Debug */,
				0F60723A1BF8B2870088EDA4 /* Release */,
			);
			defaultConfigurationIsVisible = 0;
			defaultConfigurationName = Release;
		};
		0F60723B1BF8B2870088EDA4 /* Build configuration list for PBXNativeTarget "Assignment_PTL" */ = {
			isa = XCConfigurationList;
			buildConfigurations = (
				0F60723C1BF8B2870088EDA4 /* Debug */,
				0F60723D1BF8B2870088EDA4 /* Release */,
			);
			defaultConfigurationIsVisible = 0;
			defaultConfigurationName = Release;
		};
/* End XCConfigurationList section */
	};
	rootObject = 0F60721D1BF8B2870088EDA4 /* Project object */;
}
